<?xml version="1.0" encoding="UTF-8"?>
<CodeBlocks_project_file>
	<FileVersion major="1" minor="6"/>
	<Project>
		<Option title="DSProject"/>
		<Option makefile_is_custom="1"/>
		<Option compiler="msvc8"/>
		<Option virtualFolders="CMake Files\;"/>
		<Build>
			<Target title="all">
				<Option working_dir="F:/pvlc/c/Repos/DSProjectPratikRahim/build-DSProject-CMake_Build-Default"/>
				<Option type="4"/>
				<MakeCommands>
					<Build command="C:/PROGRA~2/MICROS~4/2017/COMMUN~1/Common7/IDE/COMMON~1/MICROS~1/CMake/Ninja/ninja.exe -v all"/>
					<CompileFile command="C:/PROGRA~2/MICROS~4/2017/COMMUN~1/Common7/IDE/COMMON~1/MICROS~1/CMake/Ninja/ninja.exe -v &quot;$file&quot;"/>
					<Clean command="C:/PROGRA~2/MICROS~4/2017/COMMUN~1/Common7/IDE/COMMON~1/MICROS~1/CMake/Ninja/ninja.exe -v clean"/>
					<DistClean command="C:/PROGRA~2/MICROS~4/2017/COMMUN~1/Common7/IDE/COMMON~1/MICROS~1/CMake/Ninja/ninja.exe -v clean"/>
				</MakeCommands>
			</Target>
			<Target title="rebuild_cache">
				<Option working_dir="F:/pvlc/c/Repos/DSProjectPratikRahim/build-DSProject-CMake_Build-Default"/>
				<Option type="4"/>
				<MakeCommands>
					<Build command="C:/PROGRA~2/MICROS~4/2017/COMMUN~1/Common7/IDE/COMMON~1/MICROS~1/CMake/Ninja/ninja.exe -v rebuild_cache"/>
					<CompileFile command="C:/PROGRA~2/MICROS~4/2017/COMMUN~1/Common7/IDE/COMMON~1/MICROS~1/CMake/Ninja/ninja.exe -v &quot;$file&quot;"/>
					<Clean command="C:/PROGRA~2/MICROS~4/2017/COMMUN~1/Common7/IDE/COMMON~1/MICROS~1/CMake/Ninja/ninja.exe -v clean"/>
					<DistClean command="C:/PROGRA~2/MICROS~4/2017/COMMUN~1/Common7/IDE/COMMON~1/MICROS~1/CMake/Ninja/ninja.exe -v clean"/>
				</MakeCommands>
			</Target>
			<Target title="DSProject">
				<Option output="F:/pvlc/c/Repos/DSProjectPratikRahim/build-DSProject-CMake_Build-Default/DSProject.exe" prefix_auto="0" extension_auto="0"/>
				<Option working_dir="F:/pvlc/c/Repos/DSProjectPratikRahim/build-DSProject-CMake_Build-Default"/>
				<Option object_output="./"/>
				<Option type="1"/>
				<Option compiler="msvc8"/>
				<Compiler>
					<Add directory="C:\Program Files (x86)\Microsoft Visual Studio\2017\Community\VC\Tools\MSVC\14.15.26726\ATLMFC\include"/>
					<Add directory="C:\Program Files (x86)\Microsoft Visual Studio\2017\Community\VC\Tools\MSVC\14.15.26726\include"/>
					<Add directory="C:\Program Files (x86)\Windows Kits\NETFXSDK\4.6.1\include\um"/>
					<Add directory="C:\Program Files (x86)\Windows Kits\10\include\10.0.17134.0\ucrt"/>
					<Add directory="C:\Program Files (x86)\Windows Kits\10\include\10.0.17134.0\shared"/>
					<Add directory="C:\Program Files (x86)\Windows Kits\10\include\10.0.17134.0\um"/>
					<Add directory="C:\Program Files (x86)\Windows Kits\10\include\10.0.17134.0\winrt"/>
					<Add directory="C:\Program Files (x86)\Windows Kits\10\include\10.0.17134.0\cppwinrt"/>
				</Compiler>
				<MakeCommands>
					<Build command="C:/PROGRA~2/MICROS~4/2017/COMMUN~1/Common7/IDE/COMMON~1/MICROS~1/CMake/Ninja/ninja.exe -v DSProject"/>
					<CompileFile command="C:/PROGRA~2/MICROS~4/2017/COMMUN~1/Common7/IDE/COMMON~1/MICROS~1/CMake/Ninja/ninja.exe -v &quot;$file&quot;"/>
					<Clean command="C:/PROGRA~2/MICROS~4/2017/COMMUN~1/Common7/IDE/COMMON~1/MICROS~1/CMake/Ninja/ninja.exe -v clean"/>
					<DistClean command="C:/PROGRA~2/MICROS~4/2017/COMMUN~1/Common7/IDE/COMMON~1/MICROS~1/CMake/Ninja/ninja.exe -v clean"/>
				</MakeCommands>
			</Target>
			<Target title="DSProject/fast">
				<Option output="F:/pvlc/c/Repos/DSProjectPratikRahim/build-DSProject-CMake_Build-Default/DSProject.exe" prefix_auto="0" extension_auto="0"/>
				<Option working_dir="F:/pvlc/c/Repos/DSProjectPratikRahim/build-DSProject-CMake_Build-Default"/>
				<Option object_output="./"/>
				<Option type="1"/>
				<Option compiler="msvc8"/>
				<Compiler>
					<Add directory="C:\Program Files (x86)\Microsoft Visual Studio\2017\Community\VC\Tools\MSVC\14.15.26726\ATLMFC\include"/>
					<Add directory="C:\Program Files (x86)\Microsoft Visual Studio\2017\Community\VC\Tools\MSVC\14.15.26726\include"/>
					<Add directory="C:\Program Files (x86)\Windows Kits\NETFXSDK\4.6.1\include\um"/>
					<Add directory="C:\Program Files (x86)\Windows Kits\10\include\10.0.17134.0\ucrt"/>
					<Add directory="C:\Program Files (x86)\Windows Kits\10\include\10.0.17134.0\shared"/>
					<Add directory="C:\Program Files (x86)\Windows Kits\10\include\10.0.17134.0\um"/>
					<Add directory="C:\Program Files (x86)\Windows Kits\10\include\10.0.17134.0\winrt"/>
					<Add directory="C:\Program Files (x86)\Windows Kits\10\include\10.0.17134.0\cppwinrt"/>
				</Compiler>
				<MakeCommands>
					<Build command="C:/PROGRA~2/MICROS~4/2017/COMMUN~1/Common7/IDE/COMMON~1/MICROS~1/CMake/Ninja/ninja.exe -v DSProject/fast"/>
					<CompileFile command="C:/PROGRA~2/MICROS~4/2017/COMMUN~1/Common7/IDE/COMMON~1/MICROS~1/CMake/Ninja/ninja.exe -v &quot;$file&quot;"/>
					<Clean command="C:/PROGRA~2/MICROS~4/2017/COMMUN~1/Common7/IDE/COMMON~1/MICROS~1/CMake/Ninja/ninja.exe -v clean"/>
					<DistClean command="C:/PROGRA~2/MICROS~4/2017/COMMUN~1/Common7/IDE/COMMON~1/MICROS~1/CMake/Ninja/ninja.exe -v clean"/>
				</MakeCommands>
			</Target>
			<Target title="edit_cache">
				<Option working_dir="F:/pvlc/c/Repos/DSProjectPratikRahim/build-DSProject-CMake_Build-Default"/>
				<Option type="4"/>
				<MakeCommands>
					<Build command="C:/PROGRA~2/MICROS~4/2017/COMMUN~1/Common7/IDE/COMMON~1/MICROS~1/CMake/Ninja/ninja.exe -v edit_cache"/>
					<CompileFile command="C:/PROGRA~2/MICROS~4/2017/COMMUN~1/Common7/IDE/COMMON~1/MICROS~1/CMake/Ninja/ninja.exe -v &quot;$file&quot;"/>
					<Clean command="C:/PROGRA~2/MICROS~4/2017/COMMUN~1/Common7/IDE/COMMON~1/MICROS~1/CMake/Ninja/ninja.exe -v clean"/>
					<DistClean command="C:/PROGRA~2/MICROS~4/2017/COMMUN~1/Common7/IDE/COMMON~1/MICROS~1/CMake/Ninja/ninja.exe -v clean"/>
				</MakeCommands>
			</Target>
		</Build>
		<Unit filename="F:/pvlc/c/Repos/DSProjectPratikRahim/DSProject/BookList.h">
			<Option target="DSProject"/>
		</Unit>
		<Unit filename="F:/pvlc/c/Repos/DSProjectPratikRahim/DSProject/Constants.h">
			<Option target="DSProject"/>
		</Unit>
		<Unit filename="F:/pvlc/c/Repos/DSProjectPratikRahim/DSProject/FileIO.h">
			<Option target="DSProject"/>
		</Unit>
		<Unit filename="F:/pvlc/c/Repos/DSProjectPratikRahim/DSProject/Login.h">
			<Option target="DSProject"/>
		</Unit>
		<Unit filename="F:/pvlc/c/Repos/DSProjectPratikRahim/DSProject/Main.c">
			<Option target="DSProject"/>
		</Unit>
		<Unit filename="F:/pvlc/c/Repos/DSProjectPratikRahim/DSProject/Menu.h">
			<Option target="DSProject"/>
		</Unit>
		<Unit filename="F:/pvlc/c/Repos/DSProjectPratikRahim/DSProject/UserList.h">
			<Option target="DSProject"/>
		</Unit>
		<Unit filename="F:/pvlc/c/Repos/DSProjectPratikRahim/DSProject/CMakeLists.txt">
			<Option virtualFolder="CMake Files\"/>
		</Unit>
	</Project>
</CodeBlocks_project_file>
